// !$*UTF8*$!
{
	archiveVersion = 1;
	classes = {
	};
	objectVersion = 46;
	objects = {

/* Begin PBXBuildFile section */
		65112C091E4A46D700D21B66 /* AppDelegate.swift in Sources */ = {isa = PBXBuildFile; fileRef = 65112C081E4A46D700D21B66 /* AppDelegate.swift */; };
		65112C0B1E4A46D700D21B66 /* ViewController.swift in Sources */ = {isa = PBXBuildFile; fileRef = 65112C0A1E4A46D700D21B66 /* ViewController.swift */; };
		65112C0E1E4A46D700D21B66 /* Main.storyboard in Resources */ = {isa = PBXBuildFile; fileRef = 65112C0C1E4A46D700D21B66 /* Main.storyboard */; };
		65112C101E4A46D700D21B66 /* Assets.xcassets in Resources */ = {isa = PBXBuildFile; fileRef = 65112C0F1E4A46D700D21B66 /* Assets.xcassets */; };
		65112C131E4A46D700D21B66 /* LaunchScreen.storyboard in Resources */ = {isa = PBXBuildFile; fileRef = 65112C111E4A46D700D21B66 /* LaunchScreen.storyboard */; };
/* End PBXBuildFile section */

/* Begin PBXFileReference section */
		65112C051E4A46D700D21B66 /* Picking Images.app */ = {isa = PBXFileReference; explicitFileType = wrapper.application; includeInIndex = 0; path = "Picking Images.app"; sourceTree = BUILT_PRODUCTS_DIR; };
		65112C081E4A46D700D21B66 /* AppDelegate.swift */ = {isa = PBXFileReference; lastKnownFileType = sourcecode.swift; path = AppDelegate.swift; sourceTree = "<group>"; };
		65112C0A1E4A46D700D21B66 /* ViewController.swift */ = {isa = PBXFileReference; lastKnownFileType = sourcecode.swift; path = ViewController.swift; sourceTree = "<group>"; };
		65112C0D1E4A46D700D21B66 /* Base */ = {isa = PBXFileReference; lastKnownFileType = file.storyboard; name = Base; path = Base.lproj/Main.storyboard; sourceTree = "<group>"; };
		65112C0F1E4A46D700D21B66 /* Assets.xcassets */ = {isa = PBXFileReference; lastKnownFileType = folder.assetcatalog; path = Assets.xcassets; sourceTree = "<group>"; };
		65112C121E4A46D700D21B66 /* Base */ = {isa = PBXFileReference; lastKnownFileType = file.storyboard; name = Base; path = Base.lproj/LaunchScreen.storyboard; sourceTree = "<group>"; };
		65112C141E4A46D700D21B66 /* Info.plist */ = {isa = PBXFileReference; lastKnownFileType = text.plist.xml; path = Info.plist; sourceTree = "<group>"; };
/* End PBXFileReference section */

/* Begin PBXFrameworksBuildPhase section */
		65112C021E4A46D700D21B66 /* Frameworks */ = {
			isa = PBXFrameworksBuildPhase;
			buildActionMask = 2147483647;
			files = (
			);
			runOnlyForDeploymentPostprocessing = 0;
		};
/* End PBXFrameworksBuildPhase section */

/* Begin PBXGroup section */
		65112BFC1E4A46D700D21B66 = {
			isa = PBXGroup;
			children = (
				65112C071E4A46D700D21B66 /* Picking Images */,
				65112C061E4A46D700D21B66 /* Products */,
			);
			sourceTree = "<group>";
		};
		65112C061E4A46D700D21B66 /* Products */ = {
			isa = PBXGroup;
			children = (
				65112C051E4A46D700D21B66 /* Picking Images.app */,
			);
			name = Products;
			sourceTree = "<group>";
		};
		65112C071E4A46D700D21B66 /* Picking Images */ = {
			isa = PBXGroup;
			children = (
				65112C081E4A46D700D21B66 /* AppDelegate.swift */,
				65112C0A1E4A46D700D21B66 /* ViewController.swift */,
				65112C0C1E4A46D700D21B66 /* Main.storyboard */,
				65112C0F1E4A46D700D21B66 /* Assets.xcassets */,
				65112C111E4A46D700D21B66 /* LaunchScreen.storyboard */,
				65112C141E4A46D700D21B66 /* Info.plist */,
			);
			path = "Picking Images";
			sourceTree = "<group>";
		};
/* End PBXGroup section */

/* Begin PBXNativeTarget section */
		65112C041E4A46D700D21B66 /* Picking Images */ = {
			isa = PBXNativeTarget;
			buildConfigurationList = 65112C171E4A46D700D21B66 /* Build configuration list for PBXNativeTarget "Picking Images" */;
			buildPhases = (
				65112C011E4A46D700D21B66 /* Sources */,
				65112C021E4A46D700D21B66 /* Frameworks */,
				65112C031E4A46D700D21B66 /* Resources */,
			);
			buildRules = (
			);
			dependencies = (
			);
			name = "Picking Images";
			productName = "Picking Images";
			productReference = 65112C051E4A46D700D21B66 /* Picking Images.app */;
			productType = "com.apple.product-type.application";
		};
/* End PBXNativeTarget section */

/* Begin PBXProject section */
		65112BFD1E4A46D700D21B66 /* Project object */ = {
			isa = PBXProject;
			attributes = {
				LastSwiftUpdateCheck = 0820;
				LastUpgradeCheck = 0820;
				ORGANIZATIONNAME = "Daniel Pratt";
				TargetAttributes = {
					65112C041E4A46D700D21B66 = {
						CreatedOnToolsVersion = 8.2.1;
						DevelopmentTeam = ZJ769HHQS2;
						ProvisioningStyle = Automatic;
					};
				};
			};
			buildConfigurationList = 65112C001E4A46D700D21B66 /* Build configuration list for PBXProject "Picking Images" */;
			compatibilityVersion = "Xcode 3.2";
			developmentRegion = English;
			hasScannedForEncodings = 0;
			knownRegions = (
				en,
				Base,
			);
			mainGroup = 65112BFC1E4A46D700D21B66;
			productRefGroup = 65112C061E4A46D700D21B66 /* Products */;
			projectDirPath = "";
			projectRoot = "";
			targets = (
				65112C041E4A46D700D21B66 /* Picking Images */,
			);
		};
/* End PBXProject section */

/* Begin PBXResourcesBuildPhase section */
		65112C031E4A46D700D21B66 /* Resources */ = {
			isa = PBXResourcesBuildPhase;
			buildActionMask = 2147483647;
			files = (
				65112C131E4A46D700D21B66 /* LaunchScreen.storyboard in Resources */,
				65112C101E4A46D700D21B66 /* Assets.xcassets in Resources */,
				65112C0E1E4A46D700D21B66 /* Main.storyboard in Resources */,
			);
			runOnlyForDeploymentPostprocessing = 0;
		};
/* End PBXResourcesBuildPhase section */

/* Begin PBXSourcesBuildPhase section */
		65112C011E4A46D700D21B66 /* Sources */ = {
			isa = PBXSourcesBuildPhase;
			buildActionMask = 2147483647;
			files = (
				65112C0B1E4A46D700D21B66 /* ViewController.swift in Sources */,
				65112C091E4A46D700D21B66 /* AppDelegate.swift in Sources */,
			);
			runOnlyForDeploymentPostprocessing = 0;
		};
/* End PBXSourcesBuildPhase section */

/* Begin PBXVariantGroup section */
		65112C0C1E4A46D700D21B66 /* Main.storyboard */ = {
			isa = PBXVariantGroup;
			children = (
				65112C0D1E4A46D700D21B66 /* Base */,
			);
			name = Main.storyboard;
			sourceTree = "<group>";
		};
		65112C111E4A46D700D21B66 /* LaunchScreen.storyboard */ = {
			isa = PBXVariantGroup;
			children = (
				65112C121E4A46D700D21B66 /* Base */,
			);
			name = LaunchScreen.storyboard;
			sourceTree = "<group>";
		};
/* End PBXVariantGroup section */

/* Begin XCBuildConfiguration section */
		65112C151E4A46D700D21B66 /* Debug */ = {
			isa = XCBuildConfiguration;
			buildSettings = {
				ALWAYS_SEARCH_USER_PATHS = NO;
				CLANG_ANALYZER_NONNULL = YES;
				CLANG_CXX_LANGUAGE_STANDARD = "gnu++0x";
				CLANG_CXX_LIBRARY = "libc++";
				CLANG_ENABLE_MODULES = YES;
				CLANG_ENABLE_OBJC_ARC = YES;
				CLANG_WARN_BOOL_CONVERSION = YES;
				CLANG_WARN_CONSTANT_CONVERSION = YES;
				CLANG_WARN_DIRECT_OBJC_ISA_USAGE = YES_ERROR;
				CLANG_WARN_DOCUMENTATION_COMMENTS = YES;
				CLANG_WARN_EMPTY_BODY = YES;
				CLANG_WARN_ENUM_CONVERSION = YES;
				CLANG_WARN_INFINITE_RECURSION = YES;
				CLANG_WARN_INT_CONVERSION = YES;
				CLANG_WARN_OBJC_ROOT_CLASS = YES_ERROR;
				CLANG_WARN_SUSPICIOUS_MOVE = YES;
				CLANG_WARN_UNREACHABLE_CODE = YES;
				CLANG_WARN__DUPLICATE_METHOD_MATCH = YES;
				"CODE_SIGN_IDENTITY[sdk=iphoneos*]" = "iPhone Developer";
				COPY_PHASE_STRIP = NO;
				DEBUG_INFORMATION_FORMAT = dwarf;
				ENABLE_STRICT_OBJC_MSGSEND = YES;
				ENABLE_TESTABILITY = YES;
				GCC_C_LANGUAGE_STANDARD = gnu99;
				GCC_DYNAMIC_NO_PIC = NO;
				GCC_NO_COMMON_BLOCKS = YES;
				GCC_OPTIMIZATION_LEVEL = 0;
				GCC_PREPROCESSOR_DEFINITIONS = (
					"DEBUG=1",
					"$(inherited)",
				);
				GCC_WARN_64_TO_32_BIT_CONVERSION = YES;
				GCC_WARN_ABOUT_RETURN_TYPE = YES_ERROR;
				GCC_WARN_UNDECLARED_SELECTOR = YES;
				GCC_WARN_UNINITIALIZED_AUTOS = YES_AGGRESSIVE;
				GCC_WARN_UNUSED_FUNCTION = YES;
				GCC_WARN_UNUSED_VARIABLE = YES;
				IPHONEOS_DEPLOYMENT_TARGET = 10.2;
				MTL_ENABLE_DEBUG_INFO = YES;
				ONLY_ACTIVE_ARCH = YES;
				SDKROOT = iphoneos;
				SWIFT_ACTIVE_COMPILATION_CONDITIONS = DEBUG;
				SWIFT_OPTIMIZATION_LEVEL = "-Onone";
				TARGETED_DEVICE_FAMILY = "1,2";
			};
			name = Debug;
		};
		65112C161E4A46D700D21B66 /* Release */ = {
			isa = XCBuildConfiguration;
			buildSettings = {
				ALWAYS_SEARCH_USER_PATHS = NO;
				CLANG_ANALYZER_NONNULL = YES;
				CLANG_CXX_LANGUAGE_STANDARD = "gnu++0x";
				CLANG_CXX_LIBRARY = "libc++";
				CLANG_ENABLE_MODULES = YES;
				CLANG_ENABLE_OBJC_ARC = YES;
				CLANG_WARN_BOOL_CONVERSION = YES;
				CLANG_WARN_CONSTANT_CONVERSION = YES;
				CLANG_WARN_DIRECT_OBJC_ISA_USAGE = YES_ERROR;
				CLANG_WARN_DOCUMENTATION_COMMENTS = YES;
				CLANG_WARN_EMPTY_BODY = YES;
				CLANG_WARN_ENUM_CONVERSION = YES;
				CLANG_WARN_INFINITE_RECURSION = YES;
				CLANG_WARN_INT_CONVERSION = YES;
				CLANG_WARN_OBJC_ROOT_CLASS = YES_ERROR;
				CLANG_WARN_SUSPICIOUS_MOVE = YES;
				CLANG_WARN_UNREACHABLE_CODE = YES;
				CLANG_WARN__DUPLICATE_METHOD_MATCH = YES;
				"CODE_SIGN_IDENTITY[sdk=iphoneos*]" = "iPhone Developer";
				COPY_PHASE_STRIP = NO;
				DEBUG_INFORMATION_FORMAT = "dwarf-with-dsym";
				ENABLE_NS_ASSERTIONS = NO;
				ENABLE_STRICT_OBJC_MSGSEND = YES;
				GCC_C_LANGUAGE_STANDARD = gnu99;
				GCC_NO_COMMON_BLOCKS = YES;
				GCC_WARN_64_TO_32_BIT_CONVERSION = YES;
				GCC_WARN_ABOUT_RETURN_TYPE = YES_ERROR;
				GCC_WARN_UNDECLARED_SELECTOR = YES;
				GCC_WARN_UNINITIALIZED_AUTOS = YES_AGGRESSIVE;
				GCC_WARN_UNUSED_FUNCTION = YES;
				GCC_WARN_UNUSED_VARIABLE = YES;
				IPHONEOS_DEPLOYMENT_TARGET = 10.2;
				MTL_ENABLE_DEBUG_INFO = NO;
				SDKROOT = iphoneos;
				SWIFT_OPTIMIZATION_LEVEL = "-Owholemodule";
				TARGETED_DEVICE_FAMILY = "1,2";
				VALIDATE_PRODUCT = YES;
			};
			name = Release;
		};
		65112C181E4A46D700D21B66 /* Debug */ = {
			isa = XCBuildConfiguration;
			buildSettings = {
				ASSETCATALOG_COMPILER_APPICON_NAME = AppIcon;
				DEVELOPMENT_TEAM = ZJ769HHQS2;
				INFOPLIST_FILE = "Picking Images/Info.plist";
				LD_RUNPATH_SEARCH_PATHS = "$(inherited) @executable_path/Frameworks";
				PRODUCT_BUNDLE_IDENTIFIER = "com.BlauMagier.Picking-Images";
				PRODUCT_NAME = "$(TARGET_NAME)";
				SWIFT_VERSION = 3.0;
			};
			name = Debug;
		};
		65112C191E4A46D700D21B66 /* Release */ = {
			isa = XCBuildConfiguration;
			buildSettings = {
				ASSETCATALOG_COMPILER_APPICON_NAME = AppIcon;
				DEVELOPMENT_TEAM = ZJ769HHQS2;
				INFOPLIST_FILE = "Picking Images/Info.plist";
				LD_RUNPATH_SEARCH_PATHS = "$(inherited) @executable_path/Frameworks";
				PRODUCT_BUNDLE_IDENTIFIER = "com.BlauMagier.Picking-Images";
				PRODUCT_NAME = "$(TARGET_NAME)";
				SWIFT_VERSION = 3.0;
			};
			name = Release;
		};
/* End XCBuildConfiguration section */

/* Begin XCConfigurationList section */
		65112C001E4A46D700D21B66 /* Build configuration list for PBXProject "Picking Images" */ = {
			isa = XCConfigurationList;
			buildConfigurations = (
				65112C151E4A46D700D21B66 /* Debug */,
				65112C161E4A46D700D21B66 /* Release */,
			);
			defaultConfigurationIsVisible = 0;
			defaultConfigurationName = Release;
		};
		65112C171E4A46D700D21B66 /* Build configuration list for PBXNativeTarget "Picking Images" */ = {
			isa = XCConfigurationList;
			buildConfigurations = (
				65112C181E4A46D700D21B66 /* Debug */,
				65112C191E4A46D700D21B66 /* Release */,
			);
			defaultConfigurationIsVisible = 0;
		};
/* End XCConfigurationList section */
	};
	rootObject = 65112BFD1E4A46D700D21B66 /* Project object */;
}
